
Microsoft Visual Studio Solution File, Format Version 12.00
# Visual Studio Version 17
VisualStudioVersion = 17.13.35713.125 d17.13
MinimumVisualStudioVersion = 10.0.40219.1
Project("{FAE04EC0-301F-11D3-BF4B-00C04F79EFBC}") = "WebApplication1", "WebApplication1\WebApplication1.csproj", "{1139E486-A36B-6B58-4965-3753D45010A4}"
EndProject
Project("{FAE04EC0-301F-11D3-BF4B-00C04F79EFBC}") = "WebApplication1.AppHost", "WebApplication1.AppHost\WebApplication1.AppHost.csproj", "{CF4F0B30-619C-4B86-8B8F-557D41F4629B}"
EndProject
Project("{FAE04EC0-301F-11D3-BF4B-00C04F79EFBC}") = "WebApplication1.ServiceDefaults", "WebApplication1.ServiceDefaults\WebApplication1.ServiceDefaults.csproj", "{0FAD29A4-22A8-8114-4749-1182E4EAA3C7}"
EndProject
Global
	GlobalSection(SolutionConfigurationPlatforms) = preSolution
		Debug|Any CPU = Debug|Any CPU
		Release|Any CPU = Release|Any CPU
	EndGlobalSection
	GlobalSection(ProjectConfigurationPlatforms) = postSolution
		{1139E486-A36B-6B58-4965-3753D45010A4}.Debug|Any CPU.ActiveCfg = Debug|Any CPU
		{1139E486-A36B-6B58-4965-3753D45010A4}.Debug|Any CPU.Build.0 = Debug|Any CPU
		{1139E486-A36B-6B58-4965-3753D45010A4}.Release|Any CPU.ActiveCfg = Release|Any CPU
		{1139E486-A36B-6B58-4965-3753D45010A4}.Release|Any CPU.Build.0 = Release|Any CPU
		{CF4F0B30-619C-4B86-8B8F-557D41F4629B}.Debug|Any CPU.ActiveCfg = Debug|Any CPU
		{CF4F0B30-619C-4B86-8B8F-557D41F4629B}.Debug|Any CPU.Build.0 = Debug|Any CPU
		{CF4F0B30-619C-4B86-8B8F-557D41F4629B}.Release|Any CPU.ActiveCfg = Release|Any CPU
		{CF4F0B30-619C-4B86-8B8F-557D41F4629B}.Release|Any CPU.Build.0 = Release|Any CPU
		{0FAD29A4-22A8-8114-4749-1182E4EAA3C7}.Debug|Any CPU.ActiveCfg = Debug|Any CPU
		{0FAD29A4-22A8-8114-4749-1182E4EAA3C7}.Debug|Any CPU.Build.0 = Debug|Any CPU
		{0FAD29A4-22A8-8114-4749-1182E4EAA3C7}.Release|Any CPU.ActiveCfg = Release|Any CPU
		{0FAD29A4-22A8-8114-4749-1182E4EAA3C7}.Release|Any CPU.Build.0 = Release|Any CPU
	EndGlobalSection
	GlobalSection(SolutionProperties) = preSolution
		HideSolutionNode = FALSE
	EndGlobalSection
	GlobalSection(ExtensibilityGlobals) = postSolution
		SolutionGuid = {8594DE89-644C-40F3-9D6B-8542ED7CF961}
	EndGlobalSection
EndGlobal
